
Microsoft Visual Studio Solution File, Format Version 12.00
# Visual Studio Version 16
VisualStudioVersion = 16.0.31624.102
MinimumVisualStudioVersion = 10.0.40219.1
Project("{8BC9CEB8-8B4A-11D0-8D11-00A0C91BC942}") = "lab1", "lab1\lab1.vcxproj", "{8D1F629C-B707-4CB0-84A3-65D3E9004A74}"
EndProject
Project("{8BC9CEB8-8B4A-11D0-8D11-00A0C91BC942}") = "lab2", "lab2\lab2.vcxproj", "{A04253EB-FB53-4C04-81F4-EFCFF1D05C00}"
EndProject
Project("{8BC9CEB8-8B4A-11D0-8D11-00A0C91BC942}") = "lab3", "lab3\lab3.vcxproj", "{53A201F9-5539-4015-BB05-915223323AD6}"
EndProject
Project("{8BC9CEB8-8B4A-11D0-8D11-00A0C91BC942}") = "lab4", "lab4\lab4.vcxproj", "{089F406B-3AA4-4186-89D6-A8136C8C3162}"
EndProject
Project("{8BC9CEB8-8B4A-11D0-8D11-00A0C91BC942}") = "lab5", "lab5\lab5.vcxproj", "{1DF420C7-117F-43A7-B73F-A8ACEC72828A}"
EndProject
Project("{8BC9CEB8-8B4A-11D0-8D11-00A0C91BC942}") = "lab6", "lab6\lab6.vcxproj", "{19ECE1D1-1793-4A9D-9438-DBE5A3D8FB32}"
EndProject
Project("{8BC9CEB8-8B4A-11D0-8D11-00A0C91BC942}") = "lab7", "lab7\lab7.vcxproj", "{6EECBD6B-BFD7-4932-863A-ACB2CB4A4657}"
EndProject
Project("{8BC9CEB8-8B4A-11D0-8D11-00A0C91BC942}") = "lab8", "lab8\lab8.vcxproj", "{C8A381A0-49CD-44F8-B2AD-FF04CB717364}"
EndProject
Project("{8BC9CEB8-8B4A-11D0-8D11-00A0C91BC942}") = "lab9", "lab9\lab9.vcxproj", "{EE01D2D3-1F94-42D2-9568-EE4840A65765}"
EndProject
Project("{8BC9CEB8-8B4A-11D0-8D11-00A0C91BC942}") = "labX", "labX\labX.vcxproj", "{429A635C-93AF-42FC-BC8D-DDCB330AB2BF}"
EndProject
Global
	GlobalSection(SolutionConfigurationPlatforms) = preSolution
		Debug|x64 = Debug|x64
		Debug|x86 = Debug|x86
		Release|x64 = Release|x64
		Release|x86 = Release|x86
	EndGlobalSection
	GlobalSection(ProjectConfigurationPlatforms) = postSolution
		{8D1F629C-B707-4CB0-84A3-65D3E9004A74}.Debug|x64.ActiveCfg = Debug|x64
		{8D1F629C-B707-4CB0-84A3-65D3E9004A74}.Debug|x64.Build.0 = Debug|x64
		{8D1F629C-B707-4CB0-84A3-65D3E9004A74}.Debug|x86.ActiveCfg = Debug|Win32
		{8D1F629C-B707-4CB0-84A3-65D3E9004A74}.Debug|x86.Build.0 = Debug|Win32
		{8D1F629C-B707-4CB0-84A3-65D3E9004A74}.Release|x64.ActiveCfg = Release|x64
		{8D1F629C-B707-4CB0-84A3-65D3E9004A74}.Release|x64.Build.0 = Release|x64
		{8D1F629C-B707-4CB0-84A3-65D3E9004A74}.Release|x86.ActiveCfg = Release|Win32
		{8D1F629C-B707-4CB0-84A3-65D3E9004A74}.Release|x86.Build.0 = Release|Win32
		{A04253EB-FB53-4C04-81F4-EFCFF1D05C00}.Debug|x64.ActiveCfg = Debug|x64
		{A04253EB-FB53-4C04-81F4-EFCFF1D05C00}.Debug|x64.Build.0 = Debug|x64
		{A04253EB-FB53-4C04-81F4-EFCFF1D05C00}.Debug|x86.ActiveCfg = Debug|Win32
		{A04253EB-FB53-4C04-81F4-EFCFF1D05C00}.Debug|x86.Build.0 = Debug|Win32
		{A04253EB-FB53-4C04-81F4-EFCFF1D05C00}.Release|x64.ActiveCfg = Release|x64
		{A04253EB-FB53-4C04-81F4-EFCFF1D05C00}.Release|x64.Build.0 = Release|x64
		{A04253EB-FB53-4C04-81F4-EFCFF1D05C00}.Release|x86.ActiveCfg = Release|Win32
		{A04253EB-FB53-4C04-81F4-EFCFF1D05C00}.Release|x86.Build.0 = Release|Win32
		{53A201F9-5539-4015-BB05-915223323AD6}.Debug|x64.ActiveCfg = Debug|x64
		{53A201F9-5539-4015-BB05-915223323AD6}.Debug|x64.Build.0 = Debug|x64
		{53A201F9-5539-4015-BB05-915223323AD6}.Debug|x86.ActiveCfg = Debug|Win32
		{53A201F9-5539-4015-BB05-915223323AD6}.Debug|x86.Build.0 = Debug|Win32
		{53A201F9-5539-4015-BB05-915223323AD6}.Release|x64.ActiveCfg = Release|x64
		{53A201F9-5539-4015-BB05-915223323AD6}.Release|x64.Build.0 = Release|x64
		{53A201F9-5539-4015-BB05-915223323AD6}.Release|x86.ActiveCfg = Release|Win32
		{53A201F9-5539-4015-BB05-915223323AD6}.Release|x86.Build.0 = Release|Win32
		{089F406B-3AA4-4186-89D6-A8136C8C3162}.Debug|x64.ActiveCfg = Debug|x64
		{089F406B-3AA4-4186-89D6-A8136C8C3162}.Debug|x64.Build.0 = Debug|x64
		{089F406B-3AA4-4186-89D6-A8136C8C3162}.Debug|x86.ActiveCfg = Debug|Win32
		{089F406B-3AA4-4186-89D6-A8136C8C3162}.Debug|x86.Build.0 = Debug|Win32
		{089F406B-3AA4-4186-89D6-A8136C8C3162}.Release|x64.ActiveCfg = Release|x64
		{089F406B-3AA4-4186-89D6-A8136C8C3162}.Release|x64.Build.0 = Release|x64
		{089F406B-3AA4-4186-89D6-A8136C8C3162}.Release|x86.ActiveCfg = Release|Win32
		{089F406B-3AA4-4186-89D6-A8136C8C3162}.Release|x86.Build.0 = Release|Win32
		{1DF420C7-117F-43A7-B73F-A8ACEC72828A}.Debug|x64.ActiveCfg = Debug|x64
		{1DF420C7-117F-43A7-B73F-A8ACEC72828A}.Debug|x64.Build.0 = Debug|x64
		{1DF420C7-117F-43A7-B73F-A8ACEC72828A}.Debug|x86.ActiveCfg = Debug|Win32
		{1DF420C7-117F-43A7-B73F-A8ACEC72828A}.Debug|x86.Build.0 = Debug|Win32
		{1DF420C7-117F-43A7-B73F-A8ACEC72828A}.Release|x64.ActiveCfg = Release|x64
		{1DF420C7-117F-43A7-B73F-A8ACEC72828A}.Release|x64.Build.0 = Release|x64
		{1DF420C7-117F-43A7-B73F-A8ACEC72828A}.Release|x86.ActiveCfg = Release|Win32
		{1DF420C7-117F-43A7-B73F-A8ACEC72828A}.Release|x86.Build.0 = Release|Win32
		{19ECE1D1-1793-4A9D-9438-DBE5A3D8FB32}.Debug|x64.ActiveCfg = Debug|x64
		{19ECE1D1-1793-4A9D-9438-DBE5A3D8FB32}.Debug|x64.Build.0 = Debug|x64
		{19ECE1D1-1793-4A9D-9438-DBE5A3D8FB32}.Debug|x86.ActiveCfg = Debug|Win32
		{19ECE1D1-1793-4A9D-9438-DBE5A3D8FB32}.Debug|x86.Build.0 = Debug|Win32
		{19ECE1D1-1793-4A9D-9438-DBE5A3D8FB32}.Release|x64.ActiveCfg = Release|x64
		{19ECE1D1-1793-4A9D-9438-DBE5A3D8FB32}.Release|x64.Build.0 = Release|x64
		{19ECE1D1-1793-4A9D-9438-DBE5A3D8FB32}.Release|x86.ActiveCfg = Release|Win32
		{19ECE1D1-1793-4A9D-9438-DBE5A3D8FB32}.Release|x86.Build.0 = Release|Win32
		{6EECBD6B-BFD7-4932-863A-ACB2CB4A4657}.Debug|x64.ActiveCfg = Debug|x64
		{6EECBD6B-BFD7-4932-863A-ACB2CB4A4657}.Debug|x64.Build.0 = Debug|x64
		{6EECBD6B-BFD7-4932-863A-ACB2CB4A4657}.Debug|x86.ActiveCfg = Debug|Win32
		{6EECBD6B-BFD7-4932-863A-ACB2CB4A4657}.Debug|x86.Build.0 = Debug|Win32
		{6EECBD6B-BFD7-4932-863A-ACB2CB4A4657}.Release|x64.ActiveCfg = Release|x64
		{6EECBD6B-BFD7-4932-863A-ACB2CB4A4657}.Release|x64.Build.0 = Release|x64
		{6EECBD6B-BFD7-4932-863A-ACB2CB4A4657}.Release|x86.ActiveCfg = Release|Win32
		{6EECBD6B-BFD7-4932-863A-ACB2CB4A4657}.Release|x86.Build.0 = Release|Win32
		{C8A381A0-49CD-44F8-B2AD-FF04CB717364}.Debug|x64.ActiveCfg = Debug|x64
		{C8A381A0-49CD-44F8-B2AD-FF04CB717364}.Debug|x64.Build.0 = Debug|x64
		{C8A381A0-49CD-44F8-B2AD-FF04CB717364}.Debug|x86.ActiveCfg = Debug|Win32
		{C8A381A0-49CD-44F8-B2AD-FF04CB717364}.Debug|x86.Build.0 = Debug|Win32
		{C8A381A0-49CD-44F8-B2AD-FF04CB717364}.Release|x64.ActiveCfg = Release|x64
		{C8A381A0-49CD-44F8-B2AD-FF04CB717364}.Release|x64.Build.0 = Release|x64
		{C8A381A0-49CD-44F8-B2AD-FF04CB717364}.Release|x86.ActiveCfg = Release|Win32
		{C8A381A0-49CD-44F8-B2AD-FF04CB717364}.Release|x86.Build.0 = Release|Win32
		{EE01D2D3-1F94-42D2-9568-EE4840A65765}.Debug|x64.ActiveCfg = Debug|x64
		{EE01D2D3-1F94-42D2-9568-EE4840A65765}.Debug|x64.Build.0 = Debug|x64
		{EE01D2D3-1F94-42D2-9568-EE4840A65765}.Debug|x86.ActiveCfg = Debug|Win32
		{EE01D2D3-1F94-42D2-9568-EE4840A65765}.Debug|x86.Build.0 = Debug|Win32
		{EE01D2D3-1F94-42D2-9568-EE4840A65765}.Release|x64.ActiveCfg = Release|x64
		{EE01D2D3-1F94-42D2-9568-EE4840A65765}.Release|x64.Build.0 = Release|x64
		{EE01D2D3-1F94-42D2-9568-EE4840A65765}.Release|x86.ActiveCfg = Release|Win32
		{EE01D2D3-1F94-42D2-9568-EE4840A65765}.Release|x86.Build.0 = Release|Win32
		{429A635C-93AF-42FC-BC8D-DDCB330AB2BF}.Debug|x64.ActiveCfg = Debug|x64
		{429A635C-93AF-42FC-BC8D-DDCB330AB2BF}.Debug|x64.Build.0 = Debug|x64
		{429A635C-93AF-42FC-BC8D-DDCB330AB2BF}.Debug|x86.ActiveCfg = Debug|Win32
		{429A635C-93AF-42FC-BC8D-DDCB330AB2BF}.Debug|x86.Build.0 = Debug|Win32
		{429A635C-93AF-42FC-BC8D-DDCB330AB2BF}.Release|x64.ActiveCfg = Release|x64
		{429A635C-93AF-42FC-BC8D-DDCB330AB2BF}.Release|x64.Build.0 = Release|x64
		{429A635C-93AF-42FC-BC8D-DDCB330AB2BF}.Release|x86.ActiveCfg = Release|Win32
		{429A635C-93AF-42FC-BC8D-DDCB330AB2BF}.Release|x86.Build.0 = Release|Win32
	EndGlobalSection
	GlobalSection(SolutionProperties) = preSolution
		HideSolutionNode = FALSE
	EndGlobalSection
	GlobalSection(ExtensibilityGlobals) = postSolution
		SolutionGuid = {EC325BAC-3677-4847-8008-DE4DD1A2A4D9}
	EndGlobalSection
EndGlobal
